
Microsoft Visual Studio Solution File, Format Version 12.00
# Visual Studio Version 17
VisualStudioVersion = 17.5.33530.505
MinimumVisualStudioVersion = 10.0.40219.1
Project("{FAE04EC0-301F-11D3-BF4B-00C04F79EFBC}") = "SimpleInjectorDisposeReproHostedService", "SimpleInjectorDisposeReproHostedService\SimpleInjectorDisposeReproHostedService.csproj", "{05A0CAE1-E2C0-481B-9EA6-9D865DA8D94C}"
EndProject
Global
	GlobalSection(SolutionConfigurationPlatforms) = preSolution
		Debug|Any CPU = Debug|Any CPU
		Release|Any CPU = Release|Any CPU
	EndGlobalSection
	GlobalSection(ProjectConfigurationPlatforms) = postSolution
		{05A0CAE1-E2C0-481B-9EA6-9D865DA8D94C}.Debug|Any CPU.ActiveCfg = Debug|Any CPU
		{05A0CAE1-E2C0-481B-9EA6-9D865DA8D94C}.Debug|Any CPU.Build.0 = Debug|Any CPU
		{05A0CAE1-E2C0-481B-9EA6-9D865DA8D94C}.Release|Any CPU.ActiveCfg = Release|Any CPU
		{05A0CAE1-E2C0-481B-9EA6-9D865DA8D94C}.Release|Any CPU.Build.0 = Release|Any CPU
	EndGlobalSection
	GlobalSection(SolutionProperties) = preSolution
		HideSolutionNode = FALSE
	EndGlobalSection
	GlobalSection(ExtensibilityGlobals) = postSolution
		SolutionGuid = {3999FF36-E86F-4264-933E-D09495BC86C9}
	EndGlobalSection
EndGlobal
